
Microsoft Visual Studio Solution File, Format Version 12.00
# Visual Studio 15
VisualStudioVersion = 15.0.28307.329
MinimumVisualStudioVersion = 10.0.40219.1
Project("{FAE04EC0-301F-11D3-BF4B-00C04F79EFBC}") = "myBacklog.Android", "myBacklog\myBacklog.Android\myBacklog.Android.csproj", "{59CBD1A7-DA79-4749-8AD8-2DE522555AF1}"
EndProject
Project("{FAE04EC0-301F-11D3-BF4B-00C04F79EFBC}") = "myBacklog.iOS", "myBacklog\myBacklog.iOS\myBacklog.iOS.csproj", "{53F8F348-D35F-4576-881C-42DF2290DA60}"
EndProject
Project("{FAE04EC0-301F-11D3-BF4B-00C04F79EFBC}") = "myBacklog", "myBacklog\myBacklog\myBacklog.csproj", "{E0970403-41F4-4AE5-9192-BB7F8A18C173}"
EndProject
Global
	GlobalSection(SolutionConfigurationPlatforms) = preSolution
		Ad-Hoc|Any CPU = Ad-Hoc|Any CPU
		Ad-Hoc|iPhone = Ad-Hoc|iPhone
		Ad-Hoc|iPhoneSimulator = Ad-Hoc|iPhoneSimulator
		AppStore|Any CPU = AppStore|Any CPU
		AppStore|iPhone = AppStore|iPhone
		AppStore|iPhoneSimulator = AppStore|iPhoneSimulator
		Debug|Any CPU = Debug|Any CPU
		Debug|iPhone = Debug|iPhone
		Debug|iPhoneSimulator = Debug|iPhoneSimulator
		Release|Any CPU = Release|Any CPU
		Release|iPhone = Release|iPhone
		Release|iPhoneSimulator = Release|iPhoneSimulator
	EndGlobalSection
	GlobalSection(ProjectConfigurationPlatforms) = postSolution
		{59CBD1A7-DA79-4749-8AD8-2DE522555AF1}.Ad-Hoc|Any CPU.ActiveCfg = Release|Any CPU
		{59CBD1A7-DA79-4749-8AD8-2DE522555AF1}.Ad-Hoc|Any CPU.Build.0 = Release|Any CPU
		{59CBD1A7-DA79-4749-8AD8-2DE522555AF1}.Ad-Hoc|Any CPU.Deploy.0 = Release|Any CPU
		{59CBD1A7-DA79-4749-8AD8-2DE522555AF1}.Ad-Hoc|iPhone.ActiveCfg = Release|Any CPU
		{59CBD1A7-DA79-4749-8AD8-2DE522555AF1}.Ad-Hoc|iPhone.Build.0 = Release|Any CPU
		{59CBD1A7-DA79-4749-8AD8-2DE522555AF1}.Ad-Hoc|iPhone.Deploy.0 = Release|Any CPU
		{59CBD1A7-DA79-4749-8AD8-2DE522555AF1}.Ad-Hoc|iPhoneSimulator.ActiveCfg = Release|Any CPU
		{59CBD1A7-DA79-4749-8AD8-2DE522555AF1}.Ad-Hoc|iPhoneSimulator.Build.0 = Release|Any CPU
		{59CBD1A7-DA79-4749-8AD8-2DE522555AF1}.Ad-Hoc|iPhoneSimulator.Deploy.0 = Release|Any CPU
		{59CBD1A7-DA79-4749-8AD8-2DE522555AF1}.AppStore|Any CPU.ActiveCfg = Release|Any CPU
		{59CBD1A7-DA79-4749-8AD8-2DE522555AF1}.AppStore|Any CPU.Build.0 = Release|Any CPU
		{59CBD1A7-DA79-4749-8AD8-2DE522555AF1}.AppStore|Any CPU.Deploy.0 = Release|Any CPU
		{59CBD1A7-DA79-4749-8AD8-2DE522555AF1}.AppStore|iPhone.ActiveCfg = Release|Any CPU
		{59CBD1A7-DA79-4749-8AD8-2DE522555AF1}.AppStore|iPhone.Build.0 = Release|Any CPU
		{59CBD1A7-DA79-4749-8AD8-2DE522555AF1}.AppStore|iPhone.Deploy.0 = Release|Any CPU
		{59CBD1A7-DA79-4749-8AD8-2DE522555AF1}.AppStore|iPhoneSimulator.ActiveCfg = Release|Any CPU
		{59CBD1A7-DA79-4749-8AD8-2DE522555AF1}.AppStore|iPhoneSimulator.Build.0 = Release|Any CPU
		{59CBD1A7-DA79-4749-8AD8-2DE522555AF1}.AppStore|iPhoneSimulator.Deploy.0 = Release|Any CPU
		{59CBD1A7-DA79-4749-8AD8-2DE522555AF1}.Debug|Any CPU.ActiveCfg = Debug|Any CPU
		{59CBD1A7-DA79-4749-8AD8-2DE522555AF1}.Debug|Any CPU.Build.0 = Debug|Any CPU
		{59CBD1A7-DA79-4749-8AD8-2DE522555AF1}.Debug|Any CPU.Deploy.0 = Debug|Any CPU
		{59CBD1A7-DA79-4749-8AD8-2DE522555AF1}.Debug|iPhone.ActiveCfg = Debug|Any CPU
		{59CBD1A7-DA79-4749-8AD8-2DE522555AF1}.Debug|iPhone.Build.0 = Debug|Any CPU
		{59CBD1A7-DA79-4749-8AD8-2DE522555AF1}.Debug|iPhone.Deploy.0 = Debug|Any CPU
		{59CBD1A7-DA79-4749-8AD8-2DE522555AF1}.Debug|iPhoneSimulator.ActiveCfg = Debug|Any CPU
		{59CBD1A7-DA79-4749-8AD8-2DE522555AF1}.Debug|iPhoneSimulator.Build.0 = Debug|Any CPU
		{59CBD1A7-DA79-4749-8AD8-2DE522555AF1}.Debug|iPhoneSimulator.Deploy.0 = Debug|Any CPU
		{59CBD1A7-DA79-4749-8AD8-2DE522555AF1}.Release|Any CPU.ActiveCfg = Release|Any CPU
		{59CBD1A7-DA79-4749-8AD8-2DE522555AF1}.Release|Any CPU.Build.0 = Release|Any CPU
		{59CBD1A7-DA79-4749-8AD8-2DE522555AF1}.Release|Any CPU.Deploy.0 = Release|Any CPU
		{59CBD1A7-DA79-4749-8AD8-2DE522555AF1}.Release|iPhone.ActiveCfg = Release|Any CPU
		{59CBD1A7-DA79-4749-8AD8-2DE522555AF1}.Release|iPhone.Build.0 = Release|Any CPU
		{59CBD1A7-DA79-4749-8AD8-2DE522555AF1}.Release|iPhone.Deploy.0 = Release|Any CPU
		{59CBD1A7-DA79-4749-8AD8-2DE522555AF1}.Release|iPhoneSimulator.ActiveCfg = Release|Any CPU
		{59CBD1A7-DA79-4749-8AD8-2DE522555AF1}.Release|iPhoneSimulator.Build.0 = Release|Any CPU
		{59CBD1A7-DA79-4749-8AD8-2DE522555AF1}.Release|iPhoneSimulator.Deploy.0 = Release|Any CPU
		{53F8F348-D35F-4576-881C-42DF2290DA60}.Ad-Hoc|Any CPU.ActiveCfg = Ad-Hoc|iPhone
		{53F8F348-D35F-4576-881C-42DF2290DA60}.Ad-Hoc|Any CPU.Build.0 = Ad-Hoc|iPhone
		{53F8F348-D35F-4576-881C-42DF2290DA60}.Ad-Hoc|Any CPU.Deploy.0 = Ad-Hoc|iPhone
		{53F8F348-D35F-4576-881C-42DF2290DA60}.Ad-Hoc|iPhone.ActiveCfg = Ad-Hoc|iPhone
		{53F8F348-D35F-4576-881C-42DF2290DA60}.Ad-Hoc|iPhone.Build.0 = Ad-Hoc|iPhone
		{53F8F348-D35F-4576-881C-42DF2290DA60}.Ad-Hoc|iPhone.Deploy.0 = Ad-Hoc|iPhone
		{53F8F348-D35F-4576-881C-42DF2290DA60}.Ad-Hoc|iPhoneSimulator.ActiveCfg = Ad-Hoc|iPhoneSimulator
		{53F8F348-D35F-4576-881C-42DF2290DA60}.Ad-Hoc|iPhoneSimulator.Build.0 = Ad-Hoc|iPhoneSimulator
		{53F8F348-D35F-4576-881C-42DF2290DA60}.Ad-Hoc|iPhoneSimulator.Deploy.0 = Ad-Hoc|iPhoneSimulator
		{53F8F348-D35F-4576-881C-42DF2290DA60}.AppStore|Any CPU.ActiveCfg = AppStore|iPhone
		{53F8F348-D35F-4576-881C-42DF2290DA60}.AppStore|Any CPU.Build.0 = AppStore|iPhone
		{53F8F348-D35F-4576-881C-42DF2290DA60}.AppStore|Any CPU.Deploy.0 = AppStore|iPhone
		{53F8F348-D35F-4576-881C-42DF2290DA60}.AppStore|iPhone.ActiveCfg = AppStore|iPhone
		{53F8F348-D35F-4576-881C-42DF2290DA60}.AppStore|iPhone.Build.0 = AppStore|iPhone
		{53F8F348-D35F-4576-881C-42DF2290DA60}.AppStore|iPhone.Deploy.0 = AppStore|iPhone
		{53F8F348-D35F-4576-881C-42DF2290DA60}.AppStore|iPhoneSimulator.ActiveCfg = AppStore|iPhoneSimulator
		{53F8F348-D35F-4576-881C-42DF2290DA60}.AppStore|iPhoneSimulator.Build.0 = AppStore|iPhoneSimulator
		{53F8F348-D35F-4576-881C-42DF2290DA60}.AppStore|iPhoneSimulator.Deploy.0 = AppStore|iPhoneSimulator
		{53F8F348-D35F-4576-881C-42DF2290DA60}.Debug|Any CPU.ActiveCfg = Debug|iPhoneSimulator
		{53F8F348-D35F-4576-881C-42DF2290DA60}.Debug|Any CPU.Build.0 = Debug|iPhoneSimulator
		{53F8F348-D35F-4576-881C-42DF2290DA60}.Debug|Any CPU.Deploy.0 = Debug|iPhoneSimulator
		{53F8F348-D35F-4576-881C-42DF2290DA60}.Debug|iPhone.ActiveCfg = Debug|iPhone
		{53F8F348-D35F-4576-881C-42DF2290DA60}.Debug|iPhone.Build.0 = Debug|iPhone
		{53F8F348-D35F-4576-881C-42DF2290DA60}.Debug|iPhone.Deploy.0 = Debug|iPhone
		{53F8F348-D35F-4576-881C-42DF2290DA60}.Debug|iPhoneSimulator.ActiveCfg = Debug|iPhoneSimulator
		{53F8F348-D35F-4576-881C-42DF2290DA60}.Debug|iPhoneSimulator.Build.0 = Debug|iPhoneSimulator
		{53F8F348-D35F-4576-881C-42DF2290DA60}.Debug|iPhoneSimulator.Deploy.0 = Debug|iPhoneSimulator
		{53F8F348-D35F-4576-881C-42DF2290DA60}.Release|Any CPU.ActiveCfg = Release|iPhone
		{53F8F348-D35F-4576-881C-42DF2290DA60}.Release|Any CPU.Build.0 = Release|iPhone
		{53F8F348-D35F-4576-881C-42DF2290DA60}.Release|Any CPU.Deploy.0 = Release|iPhone
		{53F8F348-D35F-4576-881C-42DF2290DA60}.Release|iPhone.ActiveCfg = Release|iPhone
		{53F8F348-D35F-4576-881C-42DF2290DA60}.Release|iPhone.Build.0 = Release|iPhone
		{53F8F348-D35F-4576-881C-42DF2290DA60}.Release|iPhone.Deploy.0 = Release|iPhone
		{53F8F348-D35F-4576-881C-42DF2290DA60}.Release|iPhoneSimulator.ActiveCfg = Release|iPhoneSimulator
		{53F8F348-D35F-4576-881C-42DF2290DA60}.Release|iPhoneSimulator.Build.0 = Release|iPhoneSimulator
		{53F8F348-D35F-4576-881C-42DF2290DA60}.Release|iPhoneSimulator.Deploy.0 = Release|iPhoneSimulator
		{E0970403-41F4-4AE5-9192-BB7F8A18C173}.Ad-Hoc|Any CPU.ActiveCfg = Debug|Any CPU
		{E0970403-41F4-4AE5-9192-BB7F8A18C173}.Ad-Hoc|Any CPU.Build.0 = Debug|Any CPU
		{E0970403-41F4-4AE5-9192-BB7F8A18C173}.Ad-Hoc|Any CPU.Deploy.0 = Debug|Any CPU
		{E0970403-41F4-4AE5-9192-BB7F8A18C173}.Ad-Hoc|iPhone.ActiveCfg = Debug|Any CPU
		{E0970403-41F4-4AE5-9192-BB7F8A18C173}.Ad-Hoc|iPhone.Build.0 = Debug|Any CPU
		{E0970403-41F4-4AE5-9192-BB7F8A18C173}.Ad-Hoc|iPhone.Deploy.0 = Debug|Any CPU
		{E0970403-41F4-4AE5-9192-BB7F8A18C173}.Ad-Hoc|iPhoneSimulator.ActiveCfg = Debug|Any CPU
		{E0970403-41F4-4AE5-9192-BB7F8A18C173}.Ad-Hoc|iPhoneSimulator.Build.0 = Debug|Any CPU
		{E0970403-41F4-4AE5-9192-BB7F8A18C173}.Ad-Hoc|iPhoneSimulator.Deploy.0 = Debug|Any CPU
		{E0970403-41F4-4AE5-9192-BB7F8A18C173}.AppStore|Any CPU.ActiveCfg = Debug|Any CPU
		{E0970403-41F4-4AE5-9192-BB7F8A18C173}.AppStore|Any CPU.Build.0 = Debug|Any CPU
		{E0970403-41F4-4AE5-9192-BB7F8A18C173}.AppStore|Any CPU.Deploy.0 = Debug|Any CPU
		{E0970403-41F4-4AE5-9192-BB7F8A18C173}.AppStore|iPhone.ActiveCfg = Debug|Any CPU
		{E0970403-41F4-4AE5-9192-BB7F8A18C173}.AppStore|iPhone.Build.0 = Debug|Any CPU
		{E0970403-41F4-4AE5-9192-BB7F8A18C173}.AppStore|iPhone.Deploy.0 = Debug|Any CPU
		{E0970403-41F4-4AE5-9192-BB7F8A18C173}.AppStore|iPhoneSimulator.ActiveCfg = Debug|Any CPU
		{E0970403-41F4-4AE5-9192-BB7F8A18C173}.AppStore|iPhoneSimulator.Build.0 = Debug|Any CPU
		{E0970403-41F4-4AE5-9192-BB7F8A18C173}.AppStore|iPhoneSimulator.Deploy.0 = Debug|Any CPU
		{E0970403-41F4-4AE5-9192-BB7F8A18C173}.Debug|Any CPU.ActiveCfg = Debug|Any CPU
		{E0970403-41F4-4AE5-9192-BB7F8A18C173}.Debug|Any CPU.Build.0 = Debug|Any CPU
		{E0970403-41F4-4AE5-9192-BB7F8A18C173}.Debug|Any CPU.Deploy.0 = Debug|Any CPU
		{E0970403-41F4-4AE5-9192-BB7F8A18C173}.Debug|iPhone.ActiveCfg = Debug|Any CPU
		{E0970403-41F4-4AE5-9192-BB7F8A18C173}.Debug|iPhone.Build.0 = Debug|Any CPU
		{E0970403-41F4-4AE5-9192-BB7F8A18C173}.Debug|iPhone.Deploy.0 = Debug|Any CPU
		{E0970403-41F4-4AE5-9192-BB7F8A18C173}.Debug|iPhoneSimulator.ActiveCfg = Debug|Any CPU
		{E0970403-41F4-4AE5-9192-BB7F8A18C173}.Debug|iPhoneSimulator.Build.0 = Debug|Any CPU
		{E0970403-41F4-4AE5-9192-BB7F8A18C173}.Debug|iPhoneSimulator.Deploy.0 = Debug|Any CPU
		{E0970403-41F4-4AE5-9192-BB7F8A18C173}.Release|Any CPU.ActiveCfg = Release|Any CPU
		{E0970403-41F4-4AE5-9192-BB7F8A18C173}.Release|Any CPU.Build.0 = Release|Any CPU
		{E0970403-41F4-4AE5-9192-BB7F8A18C173}.Release|Any CPU.Deploy.0 = Release|Any CPU
		{E0970403-41F4-4AE5-9192-BB7F8A18C173}.Release|iPhone.ActiveCfg = Release|Any CPU
		{E0970403-41F4-4AE5-9192-BB7F8A18C173}.Release|iPhone.Build.0 = Release|Any CPU
		{E0970403-41F4-4AE5-9192-BB7F8A18C173}.Release|iPhone.Deploy.0 = Release|Any CPU
		{E0970403-41F4-4AE5-9192-BB7F8A18C173}.Release|iPhoneSimulator.ActiveCfg = Release|Any CPU
		{E0970403-41F4-4AE5-9192-BB7F8A18C173}.Release|iPhoneSimulator.Build.0 = Release|Any CPU
		{E0970403-41F4-4AE5-9192-BB7F8A18C173}.Release|iPhoneSimulator.Deploy.0 = Release|Any CPU
	EndGlobalSection
	GlobalSection(SolutionProperties) = preSolution
		HideSolutionNode = FALSE
	EndGlobalSection
	GlobalSection(ExtensibilityGlobals) = postSolution
		SolutionGuid = {6A12811C-57B3-4C1D-9C9D-61DD50FBC6E4}
	EndGlobalSection
EndGlobal
